PODS:
  - AppAuth (0.94.0)
  - boost-for-react-native (1.63.0)
  - Crashlytics (3.13.4):
    - Fabric (~> 1.10.2)
  - DoubleConversion (1.1.6)
  - Fabric (1.10.2)
  - Firebase/Analytics (6.3.0):
    - Firebase/Core
  - Firebase/Core (6.3.0):
    - Firebase/CoreOnly
    - FirebaseAnalytics (= 6.0.2)
  - Firebase/CoreOnly (6.3.0):
    - FirebaseCore (= 6.0.3)
  - Firebase/Messaging (6.3.0):
    - Firebase/CoreOnly
    - FirebaseMessaging (~> 4.1.0)
  - FirebaseAnalytics (6.0.2):
    - FirebaseCore (~> 6.0)
    - FirebaseInstanceID (~> 4.2)
    - GoogleAppMeasurement (= 6.0.2)
    - GoogleUtilities/AppDelegateSwizzler (~> 6.0)
    - GoogleUtilities/MethodSwizzler (~> 6.0)
    - GoogleUtilities/Network (~> 6.0)
    - "GoogleUtilities/NSData+zlib (~> 6.0)"
    - nanopb (~> 0.3)
  - FirebaseAnalyticsInterop (1.3.0)
  - FirebaseCore (6.0.3):
    - GoogleUtilities/Environment (~> 6.0)
    - GoogleUtilities/Logger (~> 6.0)
  - FirebaseInstanceID (4.2.3):
    - FirebaseCore (~> 6.0)
    - GoogleUtilities/Environment (~> 6.0)
    - GoogleUtilities/UserDefaults (~> 6.0)
  - FirebaseMessaging (4.1.1):
    - FirebaseAnalyticsInterop (~> 1.1)
    - FirebaseCore (~> 6.0)
    - FirebaseInstanceID (~> 4.1)
    - GoogleUtilities/AppDelegateSwizzler (~> 6.2)
    - GoogleUtilities/Environment (~> 6.2)
    - GoogleUtilities/Reachability (~> 6.2)
    - GoogleUtilities/UserDefaults (~> 6.2)
    - Protobuf (~> 3.1)
  - Folly (2018.10.22.00):
    - boost-for-react-native
    - DoubleConversion
    - Folly/Default (= 2018.10.22.00)
    - glog
  - Folly/Default (2018.10.22.00):
    - boost-for-react-native
    - DoubleConversion
    - glog
  - glog (0.3.5)
  - GoogleAppMeasurement (6.0.2):
    - GoogleUtilities/AppDelegateSwizzler (~> 6.0)
    - GoogleUtilities/MethodSwizzler (~> 6.0)
    - GoogleUtilities/Network (~> 6.0)
    - "GoogleUtilities/NSData+zlib (~> 6.0)"
    - nanopb (~> 0.3)
  - GoogleUtilities/AppDelegateSwizzler (6.2.5):
    - GoogleUtilities/Environment
    - GoogleUtilities/Logger
    - GoogleUtilities/Network
  - GoogleUtilities/Environment (6.2.5)
  - GoogleUtilities/Logger (6.2.5):
    - GoogleUtilities/Environment
  - GoogleUtilities/MethodSwizzler (6.2.5):
    - GoogleUtilities/Logger
  - GoogleUtilities/Network (6.2.5):
    - GoogleUtilities/Logger
    - "GoogleUtilities/NSData+zlib"
    - GoogleUtilities/Reachability
  - "GoogleUtilities/NSData+zlib (6.2.5)"
  - GoogleUtilities/Reachability (6.2.5):
    - GoogleUtilities/Logger
  - GoogleUtilities/UserDefaults (6.2.5):
    - GoogleUtilities/Logger
  - nanopb (0.3.901):
    - nanopb/decode (= 0.3.901)
    - nanopb/encode (= 0.3.901)
  - nanopb/decode (0.3.901)
  - nanopb/encode (0.3.901)
  - Protobuf (3.9.0)
  - React (0.60.3):
    - React-Core (= 0.60.3)
    - React-DevSupport (= 0.60.3)
    - React-RCTActionSheet (= 0.60.3)
    - React-RCTAnimation (= 0.60.3)
    - React-RCTBlob (= 0.60.3)
    - React-RCTImage (= 0.60.3)
    - React-RCTLinking (= 0.60.3)
    - React-RCTNetwork (= 0.60.3)
    - React-RCTSettings (= 0.60.3)
    - React-RCTText (= 0.60.3)
    - React-RCTVibration (= 0.60.3)
    - React-RCTWebSocket (= 0.60.3)
  - React-Core (0.60.3):
    - Folly (= 2018.10.22.00)
    - React-cxxreact (= 0.60.3)
    - React-jsiexecutor (= 0.60.3)
    - yoga (= 0.60.3.React)
  - React-cxxreact (0.60.3):
    - boost-for-react-native (= 1.63.0)
    - DoubleConversion
    - Folly (= 2018.10.22.00)
    - glog
    - React-jsinspector (= 0.60.3)
  - React-DevSupport (0.60.3):
    - React-Core (= 0.60.3)
    - React-RCTWebSocket (= 0.60.3)
  - React-fishhook (0.60.3)
  - React-jsi (0.60.3):
    - boost-for-react-native (= 1.63.0)
    - DoubleConversion
    - Folly (= 2018.10.22.00)
    - glog
    - React-jsi/Default (= 0.60.3)
  - React-jsi/Default (0.60.3):
    - boost-for-react-native (= 1.63.0)
    - DoubleConversion
    - Folly (= 2018.10.22.00)
    - glog
  - React-jsiexecutor (0.60.3):
    - DoubleConversion
    - Folly (= 2018.10.22.00)
    - glog
    - React-cxxreact (= 0.60.3)
    - React-jsi (= 0.60.3)
  - React-jsinspector (0.60.3)
  - react-native-camera (3.7.2):
    - React
    - react-native-camera/RCT (= 3.7.2)
    - react-native-camera/RN (= 3.7.2)
  - react-native-camera/RCT (3.7.2):
    - React
  - react-native-camera/RN (3.7.2):
    - React
  - React-RCTActionSheet (0.60.3):
    - React-Core (= 0.60.3)
  - React-RCTAnimation (0.60.3):
    - React-Core (= 0.60.3)
  - React-RCTBlob (0.60.3):
    - React-Core (= 0.60.3)
    - React-RCTNetwork (= 0.60.3)
    - React-RCTWebSocket (= 0.60.3)
  - React-RCTImage (0.60.3):
    - React-Core (= 0.60.3)
    - React-RCTNetwork (= 0.60.3)
  - React-RCTLinking (0.60.3):
    - React-Core (= 0.60.3)
  - React-RCTNetwork (0.60.3):
    - React-Core (= 0.60.3)
  - React-RCTSettings (0.60.3):
    - React-Core (= 0.60.3)
  - React-RCTText (0.60.3):
    - React-Core (= 0.60.3)
  - React-RCTVibration (0.60.3):
    - React-Core (= 0.60.3)
  - React-RCTWebSocket (0.60.3):
    - React-Core (= 0.60.3)
    - React-fishhook (= 0.60.3)
  - RNAppAuth (1.0.0):
    - AppAuth (= 0.94.0)
    - React
  - RNCAsyncStorage (1.5.1):
    - React
  - RNCPushNotificationIOS (1.0.2):
    - React
  - RNFirebase (5.5.6):
    - Firebase/Core
    - React
    - RNFirebase/Crashlytics (= 5.5.6)
  - RNFirebase/Crashlytics (5.5.6):
    - Crashlytics
    - Fabric
    - Firebase/Core
    - React
  - RNGestureHandler (1.3.0):
    - React
  - RNPermissions (2.0.2):
    - React
  - RNSVG (9.5.1):
    - React
  - RNVectorIcons (6.6.0):
    - React
  - yoga (0.60.3.React)

DEPENDENCIES:
  - DoubleConversion (from `../node_modules/react-native/third-party-podspecs/DoubleConversion.podspec`)
  - Firebase/Analytics
  - Firebase/Core (~> 6.3.0)
  - Firebase/Messaging (~> 6.3.0)
  - Folly (from `../node_modules/react-native/third-party-podspecs/Folly.podspec`)
  - glog (from `../node_modules/react-native/third-party-podspecs/glog.podspec`)
  - React (from `../node_modules/react-native/`)
  - React-Core (from `../node_modules/react-native/React`)
  - React-cxxreact (from `../node_modules/react-native/ReactCommon/cxxreact`)
  - React-DevSupport (from `../node_modules/react-native/React`)
  - React-fishhook (from `../node_modules/react-native/Libraries/fishhook`)
  - React-jsi (from `../node_modules/react-native/ReactCommon/jsi`)
  - React-jsiexecutor (from `../node_modules/react-native/ReactCommon/jsiexecutor`)
  - React-jsinspector (from `../node_modules/react-native/ReactCommon/jsinspector`)
  - react-native-camera (from `../node_modules/react-native-camera`)
  - React-RCTActionSheet (from `../node_modules/react-native/Libraries/ActionSheetIOS`)
  - React-RCTAnimation (from `../node_modules/react-native/Libraries/NativeAnimation`)
  - React-RCTBlob (from `../node_modules/react-native/Libraries/Blob`)
  - React-RCTImage (from `../node_modules/react-native/Libraries/Image`)
  - React-RCTLinking (from `../node_modules/react-native/Libraries/LinkingIOS`)
  - React-RCTNetwork (from `../node_modules/react-native/Libraries/Network`)
  - React-RCTSettings (from `../node_modules/react-native/Libraries/Settings`)
  - React-RCTText (from `../node_modules/react-native/Libraries/Text`)
  - React-RCTVibration (from `../node_modules/react-native/Libraries/Vibration`)
  - React-RCTWebSocket (from `../node_modules/react-native/Libraries/WebSocket`)
  - RNAppAuth (from `../node_modules/react-native-app-auth/ios`)
  - "RNCAsyncStorage (from `../node_modules/@react-native-community/async-storage`)"
  - "RNCPushNotificationIOS (from `../node_modules/@react-native-community/push-notification-ios/RNCPushNotificationIOS.podspec`)"
  - RNFirebase (from `../node_modules/react-native-firebase/ios`)
  - RNGestureHandler (from `../node_modules/react-native-gesture-handler`)
  - RNPermissions (from `../node_modules/react-native-permissions`)
  - RNSVG (from `../node_modules/react-native-svg`)
  - RNVectorIcons (from `../node_modules/react-native-vector-icons`)
  - yoga (from `../node_modules/react-native/ReactCommon/yoga`)

SPEC REPOS:
  https://github.com/CocoaPods/Specs.git:
    - AppAuth
    - boost-for-react-native
    - Crashlytics
    - Fabric
    - Firebase
    - FirebaseAnalytics
    - FirebaseAnalyticsInterop
    - FirebaseCore
    - FirebaseInstanceID
    - FirebaseMessaging
    - GoogleAppMeasurement
    - GoogleUtilities
    - nanopb
    - Protobuf

EXTERNAL SOURCES:
  DoubleConversion:
    :podspec: "../node_modules/react-native/third-party-podspecs/DoubleConversion.podspec"
  Folly:
    :podspec: "../node_modules/react-native/third-party-podspecs/Folly.podspec"
  glog:
    :podspec: "../node_modules/react-native/third-party-podspecs/glog.podspec"
  React:
    :path: "../node_modules/react-native/"
  React-Core:
    :path: "../node_modules/react-native/React"
  React-cxxreact:
    :path: "../node_modules/react-native/ReactCommon/cxxreact"
  React-DevSupport:
    :path: "../node_modules/react-native/React"
  React-fishhook:
    :path: "../node_modules/react-native/Libraries/fishhook"
  React-jsi:
    :path: "../node_modules/react-native/ReactCommon/jsi"
  React-jsiexecutor:
    :path: "../node_modules/react-native/ReactCommon/jsiexecutor"
  React-jsinspector:
    :path: "../node_modules/react-native/ReactCommon/jsinspector"
  react-native-camera:
    :path: "../node_modules/react-native-camera"
  React-RCTActionSheet:
    :path: "../node_modules/react-native/Libraries/ActionSheetIOS"
  React-RCTAnimation:
    :path: "../node_modules/react-native/Libraries/NativeAnimation"
  React-RCTBlob:
    :path: "../node_modules/react-native/Libraries/Blob"
  React-RCTImage:
    :path: "../node_modules/react-native/Libraries/Image"
  React-RCTLinking:
    :path: "../node_modules/react-native/Libraries/LinkingIOS"
  React-RCTNetwork:
    :path: "../node_modules/react-native/Libraries/Network"
  React-RCTSettings:
    :path: "../node_modules/react-native/Libraries/Settings"
  React-RCTText:
    :path: "../node_modules/react-native/Libraries/Text"
  React-RCTVibration:
    :path: "../node_modules/react-native/Libraries/Vibration"
  React-RCTWebSocket:
    :path: "../node_modules/react-native/Libraries/WebSocket"
  RNAppAuth:
    :path: "../node_modules/react-native-app-auth/ios"
  RNCAsyncStorage:
    :path: "../node_modules/@react-native-community/async-storage"
  RNCPushNotificationIOS:
    :path: "../node_modules/@react-native-community/push-notification-ios/RNCPushNotificationIOS.podspec"
  RNFirebase:
    :path: "../node_modules/react-native-firebase/ios"
  RNGestureHandler:
    :path: "../node_modules/react-native-gesture-handler"
  RNPermissions:
    :path: "../node_modules/react-native-permissions"
  RNSVG:
    :path: "../node_modules/react-native-svg"
  RNVectorIcons:
    :path: "../node_modules/react-native-vector-icons"
  yoga:
    :path: "../node_modules/react-native/ReactCommon/yoga"

SPEC CHECKSUMS:
  AppAuth: 0f099c2286a1a9754e5bd27211c43d307dc4f778
  boost-for-react-native: 39c7adb57c4e60d6c5479dd8623128eb5b3f0f2c
  Crashlytics: 2dfd686bcb918dc10ee0e76f7f853fe42c7bd552
  DoubleConversion: 5805e889d232975c086db112ece9ed034df7a0b2
  Fabric: 706c8b8098fff96c33c0db69cbf81f9c551d0d74
  Firebase: 8432d732974498afd5987e9001a05f90f1a3d625
  FirebaseAnalytics: 470ddab7253b21ad5a40bebd4a9903d7ae19386a
  FirebaseAnalyticsInterop: 0f250d71e8741352407a8db351e6de78c5c56d35
  FirebaseCore: 68f8a7f50cdae542715d4e86afa37c4067217dcb
  FirebaseInstanceID: 8b42755db950682e7de0d167bc6fb26a57b244af
  FirebaseMessaging: 6bb0bdaf64c55fef7a219b7bb1e94e94a0855ced
  Folly: 30e7936e1c45c08d884aa59369ed951a8e68cf51
  glog: 1f3da668190260b06b429bb211bfbee5cd790c28
  GoogleAppMeasurement: a35a645835bae31b6bdc0576396bc23908f12a22
  GoogleUtilities: e7dc37039b19df7fe543479d3e4a02ac8d11bb69
  nanopb: 2901f78ea1b7b4015c860c2fdd1ea2fee1a18d48
  Protobuf: 1097ca58584c8d9be81bfbf2c5ff5975648dd87a
  React: ac23e9cc8d2d4cfe9b536b5cc0c32d19b9937bcf
  React-Core: 84de3cf80e31f0267c5ce0b5b482d59ce30a8a57
  React-cxxreact: a802a1c6b14f3de66ba032460b424c17ececd1e2
  React-DevSupport: ae72c4fc86c03197f007bb24404077c85f6dabc1
  React-fishhook: 12bd79b4461280f441937dea83f11d9fb660edfc
  React-jsi: c2b6e57836bcae2677a036384111dc2c58e94369
  React-jsiexecutor: d9023c5c199114d2b6f38ec861a4d923c73d0735
  React-jsinspector: 817b64f3c8a807f09d78620f4f505868d89b26f3
  react-native-camera: 2815acff3b2c3bf8b5c78a80aad62398a91051f4
  React-RCTActionSheet: 9c42321fd5652515d706dd722c5a10b1970d7ec8
  React-RCTAnimation: fabb087dde8964c9a835a7fabd0e7e5701787913
  React-RCTBlob: 93f34281d9c9c9e216b25824309eed9fe22a5d41
  React-RCTImage: b09f30159b048eb9a0f859f8f9b0878f3311e8eb
  React-RCTLinking: 9dba672b3d5aadab59e93f9ab8c65e5e24b9fb73
  React-RCTNetwork: 4b2f706819f08b6fa15c47909985f96b80859832
  React-RCTSettings: 59c0eedc36b9aa9dd21cdbb5ab9591ba04132b1f
  React-RCTText: b026f8350c2cbe0daeb9880dd9c6e018fce0daf7
  React-RCTVibration: 5d9ed4a968e9d42880ddcc7c29bee3417c745408
  React-RCTWebSocket: 69d8565d66043f244b4129f3d7154c5689fb7d3e
  RNAppAuth: eac16a338ed1117d8b7729b36de3b1a58b5e96f2
  RNCAsyncStorage: 2808c378f6a70f22f66eeb6c11a8d69f326dd795
  RNCPushNotificationIOS: 7bcc4071d6f25c4d441cbef42a097462f4e30208
  RNFirebase: ac0de8b24c6f91ae9459575491ed6a77327619c6
  RNGestureHandler: 5329a942fce3d41c68b84c2c2276ce06a696d8b0
  RNPermissions: 76d6d5a65496b33378afe4b90ae5b30629ddd900
  RNSVG: 0eb087cfb5d7937be93c45b163b26352a647e681
  RNVectorIcons: 0bb4def82230be1333ddaeee9fcba45f0b288ed4
  yoga: 843fe25849b56131275bf3e5da2c468e96f68aff

PODFILE CHECKSUM: 09a0a067d3612d4ff9656d80e376ff73318d5705

COCOAPODS: 1.8.4
